// !$*UTF8*$!
{
	archiveVersion = 1;
	classes = {
	};
	objectVersion = 55;
	objects = {

/* Begin PBXBuildFile section */
		042338C328A6C0BA00783FD2 /* SeifStoryboard.storyboard in Resources */ = {isa = PBXBuildFile; fileRef = 042338C228A6C0BA00783FD2 /* SeifStoryboard.storyboard */; };
		042CD29928A7F20100087724 /* SeifViewController.swift in Sources */ = {isa = PBXBuildFile; fileRef = 042CD29828A7F20100087724 /* SeifViewController.swift */; };
		0439028D28A923900078F21B /* ProductCells.swift in Sources */ = {isa = PBXBuildFile; fileRef = 042338C428A7CC9300783FD2 /* ProductCells.swift */; };
		0439028E28A923CA0078F21B /* CartTableViewCell.swift in Sources */ = {isa = PBXBuildFile; fileRef = 045E15ED28A6F519003876D7 /* CartTableViewCell.swift */; };
		04560E0D28A5429800C9F1E2 /* AppDelegate.swift in Sources */ = {isa = PBXBuildFile; fileRef = 04560E0C28A5429800C9F1E2 /* AppDelegate.swift */; };
		04560E0F28A5429800C9F1E2 /* SceneDelegate.swift in Sources */ = {isa = PBXBuildFile; fileRef = 04560E0E28A5429800C9F1E2 /* SceneDelegate.swift */; };
		04560E1128A5429800C9F1E2 /* ViewController.swift in Sources */ = {isa = PBXBuildFile; fileRef = 04560E1028A5429800C9F1E2 /* ViewController.swift */; };
		04560E1428A5429800C9F1E2 /* Main.storyboard in Resources */ = {isa = PBXBuildFile; fileRef = 04560E1228A5429800C9F1E2 /* Main.storyboard */; };
		04560E1728A5429800C9F1E2 /* ClothesStore.xcdatamodeld in Sources */ = {isa = PBXBuildFile; fileRef = 04560E1528A5429800C9F1E2 /* ClothesStore.xcdatamodeld */; };
		04560E1928A5429A00C9F1E2 /* Assets.xcassets in Resources */ = {isa = PBXBuildFile; fileRef = 04560E1828A5429A00C9F1E2 /* Assets.xcassets */; };
		04560E1C28A5429A00C9F1E2 /* LaunchScreen.storyboard in Resources */ = {isa = PBXBuildFile; fileRef = 04560E1A28A5429A00C9F1E2 /* LaunchScreen.storyboard */; };
		523E8F5D28A79F3500523A4A /* User+CoreDataClass.swift in Sources */ = {isa = PBXBuildFile; fileRef = 523E8F5B28A79F3500523A4A /* User+CoreDataClass.swift */; };
		523E8F5E28A79F3500523A4A /* User+CoreDataProperties.swift in Sources */ = {isa = PBXBuildFile; fileRef = 523E8F5C28A79F3500523A4A /* User+CoreDataProperties.swift */; };
		523E8F6028A7A09600523A4A /* register.swift in Sources */ = {isa = PBXBuildFile; fileRef = 523E8F5F28A7A09600523A4A /* register.swift */; };
		5257ECE728A7225400B5F44E /* coreDataFns.swift in Sources */ = {isa = PBXBuildFile; fileRef = 5257ECE628A7225400B5F44E /* coreDataFns.swift */; };
		045E15EA28A696B0003876D7 /* ProfileVC.swift in Sources */ = {isa = PBXBuildFile; fileRef = 045E15E928A696AF003876D7 /* ProfileVC.swift */; };
		045E15EC28A6ED6D003876D7 /* CartVC.swift in Sources */ = {isa = PBXBuildFile; fileRef = 045E15EB28A6ED6D003876D7 /* CartVC.swift */; };
		049E06AF28A588DD001C05B0 /* AhmedStoryboard.storyboard in Resources */ = {isa = PBXBuildFile; fileRef = 049E06AE28A588DD001C05B0 /* AhmedStoryboard.storyboard */; };
		049E06B128A597DC001C05B0 /* DetailsVC.swift in Sources */ = {isa = PBXBuildFile; fileRef = 049E06B028A597DC001C05B0 /* DetailsVC.swift */; };
/* End PBXBuildFile section */

/* Begin PBXContainerItemProxy section */
		523F15E628A72BC4002154C0 /* PBXContainerItemProxy */ = {
			isa = PBXContainerItemProxy;
			containerPortal = 04560E0128A5429800C9F1E2 /* Project object */;
			proxyType = 1;
			remoteGlobalIDString = 523F15CC28A72BBE002154C0;
			remoteInfo = "Clothes Store";
		};
		523F15F028A72BC4002154C0 /* PBXContainerItemProxy */ = {
			isa = PBXContainerItemProxy;
			containerPortal = 04560E0128A5429800C9F1E2 /* Project object */;
			proxyType = 1;
			remoteGlobalIDString = 523F15CC28A72BBE002154C0;
			remoteInfo = "Clothes Store";
		};
/* End PBXContainerItemProxy section */

/* Begin PBXFileReference section */
		042338BD28A6BF3600783FD2 /* ProductEntity+CoreDataClass.swift */ = {isa = PBXFileReference; lastKnownFileType = sourcecode.swift; path = "ProductEntity+CoreDataClass.swift"; sourceTree = "<group>"; };
		042338BE28A6BF3600783FD2 /* ProductEntity+CoreDataProperties.swift */ = {isa = PBXFileReference; lastKnownFileType = sourcecode.swift; path = "ProductEntity+CoreDataProperties.swift"; sourceTree = "<group>"; };
		042338C228A6C0BA00783FD2 /* SeifStoryboard.storyboard */ = {isa = PBXFileReference; lastKnownFileType = file.storyboard; name = SeifStoryboard.storyboard; path = ClothesStore/SeifStoryboard.storyboard; sourceTree = SOURCE_ROOT; };
		042338C428A7CC9300783FD2 /* ProductCells.swift */ = {isa = PBXFileReference; lastKnownFileType = sourcecode.swift; path = ProductCells.swift; sourceTree = "<group>"; };
		042CD29828A7F20100087724 /* SeifViewController.swift */ = {isa = PBXFileReference; lastKnownFileType = sourcecode.swift; path = SeifViewController.swift; sourceTree = "<group>"; };
		042CD29A28A8D72400087724 /* productCoreData.swift */ = {isa = PBXFileReference; lastKnownFileType = sourcecode.swift; path = productCoreData.swift; sourceTree = "<group>"; };
		04560E0928A5429800C9F1E2 /* ClothesStore.app */ = {isa = PBXFileReference; explicitFileType = wrapper.application; includeInIndex = 0; path = ClothesStore.app; sourceTree = BUILT_PRODUCTS_DIR; };
		04560E0C28A5429800C9F1E2 /* AppDelegate.swift */ = {isa = PBXFileReference; lastKnownFileType = sourcecode.swift; path = AppDelegate.swift; sourceTree = "<group>"; };
		04560E0E28A5429800C9F1E2 /* SceneDelegate.swift */ = {isa = PBXFileReference; lastKnownFileType = sourcecode.swift; path = SceneDelegate.swift; sourceTree = "<group>"; };
		04560E1028A5429800C9F1E2 /* ViewController.swift */ = {isa = PBXFileReference; lastKnownFileType = sourcecode.swift; path = ViewController.swift; sourceTree = "<group>"; };
		04560E1328A5429800C9F1E2 /* Base */ = {isa = PBXFileReference; lastKnownFileType = file.storyboard; name = Base; path = Base.lproj/Main.storyboard; sourceTree = "<group>"; };
		04560E1628A5429800C9F1E2 /* ClothesStore.xcdatamodel */ = {isa = PBXFileReference; lastKnownFileType = wrapper.xcdatamodel; path = ClothesStore.xcdatamodel; sourceTree = "<group>"; };
		04560E1828A5429A00C9F1E2 /* Assets.xcassets */ = {isa = PBXFileReference; lastKnownFileType = folder.assetcatalog; path = Assets.xcassets; sourceTree = "<group>"; };
		04560E1B28A5429A00C9F1E2 /* Base */ = {isa = PBXFileReference; lastKnownFileType = file.storyboard; name = Base; path = Base.lproj/LaunchScreen.storyboard; sourceTree = "<group>"; };
		04560E1D28A5429A00C9F1E2 /* Info.plist */ = {isa = PBXFileReference; lastKnownFileType = text.plist.xml; path = Info.plist; sourceTree = "<group>"; };
		045E15E928A696AF003876D7 /* ProfileVC.swift */ = {isa = PBXFileReference; lastKnownFileType = sourcecode.swift; path = ProfileVC.swift; sourceTree = "<group>"; };
		045E15EB28A6ED6D003876D7 /* CartVC.swift */ = {isa = PBXFileReference; lastKnownFileType = sourcecode.swift; path = CartVC.swift; sourceTree = "<group>"; };
		045E15ED28A6F519003876D7 /* CartTableViewCell.swift */ = {isa = PBXFileReference; lastKnownFileType = sourcecode.swift; path = CartTableViewCell.swift; sourceTree = "<group>"; };
		049E06AE28A588DD001C05B0 /* AhmedStoryboard.storyboard */ = {isa = PBXFileReference; lastKnownFileType = file.storyboard; path = AhmedStoryboard.storyboard; sourceTree = "<group>"; };
		049E06B028A597DC001C05B0 /* DetailsVC.swift */ = {isa = PBXFileReference; lastKnownFileType = sourcecode.swift; path = DetailsVC.swift; sourceTree = "<group>"; };
		523E8F5B28A79F3500523A4A /* User+CoreDataClass.swift */ = {isa = PBXFileReference; lastKnownFileType = sourcecode.swift; path = "User+CoreDataClass.swift"; sourceTree = "<group>"; };
		523E8F5C28A79F3500523A4A /* User+CoreDataProperties.swift */ = {isa = PBXFileReference; lastKnownFileType = sourcecode.swift; path = "User+CoreDataProperties.swift"; sourceTree = "<group>"; };
		523E8F5F28A7A09600523A4A /* register.swift */ = {isa = PBXFileReference; lastKnownFileType = sourcecode.swift; path = register.swift; sourceTree = "<group>"; };
		523F15CD28A72BBE002154C0 /* Clothes Store.app */ = {isa = PBXFileReference; explicitFileType = wrapper.application; includeInIndex = 0; path = "Clothes Store.app"; sourceTree = BUILT_PRODUCTS_DIR; };
		523F15EF28A72BC4002154C0 /* Clothes StoreUITests.xctest */ = {isa = PBXFileReference; explicitFileType = wrapper.cfbundle; includeInIndex = 0; path = "Clothes StoreUITests.xctest"; sourceTree = BUILT_PRODUCTS_DIR; };
		523F15E528A72BC4002154C0 /* Clothes StoreTests.xctest */ = {isa = PBXFileReference; explicitFileType = wrapper.cfbundle; includeInIndex = 0; path = "Clothes StoreTests.xctest"; sourceTree = BUILT_PRODUCTS_DIR; };
		5257ECE628A7225400B5F44E /* coreDataFns.swift */ = {isa = PBXFileReference; lastKnownFileType = sourcecode.swift; path = coreDataFns.swift; sourceTree = "<group>"; };
/* End PBXFileReference section */

/* Begin PBXFrameworksBuildPhase section */
		04560E0628A5429800C9F1E2 /* Frameworks */ = {
			isa = PBXFrameworksBuildPhase;
			buildActionMask = 2147483647;
			files = (
			);
			runOnlyForDeploymentPostprocessing = 0;
		};
		523F15CA28A72BBE002154C0 /* Frameworks */ = {
			isa = PBXFrameworksBuildPhase;
			buildActionMask = 2147483647;
			files = (
			);
			runOnlyForDeploymentPostprocessing = 0;
		};
		523F15E228A72BC4002154C0 /* Frameworks */ = {
			isa = PBXFrameworksBuildPhase;
			buildActionMask = 2147483647;
			files = (
			);
			runOnlyForDeploymentPostprocessing = 0;
		};
		523F15EC28A72BC4002154C0 /* Frameworks */ = {
			isa = PBXFrameworksBuildPhase;
			buildActionMask = 2147483647;
			files = (
			);
			runOnlyForDeploymentPostprocessing = 0;
		};
/* End PBXFrameworksBuildPhase section */

/* Begin PBXGroup section */
		042338C128A6BF6900783FD2 /* ProductModelGroup */ = {
			isa = PBXGroup;
			children = (
				042338BD28A6BF3600783FD2 /* ProductEntity+CoreDataClass.swift */,
				042338BE28A6BF3600783FD2 /* ProductEntity+CoreDataProperties.swift */,
			);
			path = ProductModelGroup;
			sourceTree = "<group>";
		};
		04560E0028A5429800C9F1E2 = {
			isa = PBXGroup;
			children = (
				523E8F5B28A79F3500523A4A /* User+CoreDataClass.swift */,
				523E8F5C28A79F3500523A4A /* User+CoreDataProperties.swift */,
				04560E0B28A5429800C9F1E2 /* ClothesStore */,
				04560E0A28A5429800C9F1E2 /* Products */,
			);
			sourceTree = "<group>";
		};
		04560E0A28A5429800C9F1E2 /* Products */ = {
			isa = PBXGroup;
			children = (
				04560E0928A5429800C9F1E2 /* ClothesStore.app */,
				523F15CD28A72BBE002154C0 /* Clothes Store.app */,
				523F15E528A72BC4002154C0 /* Clothes StoreTests.xctest */,
				523F15EF28A72BC4002154C0 /* Clothes StoreUITests.xctest */,
			);
			name = Products;
			sourceTree = "<group>";
		};
		04560E0B28A5429800C9F1E2 /* ClothesStore */ = {
			isa = PBXGroup;
			children = (
				049E06AE28A588DD001C05B0 /* AhmedStoryboard.storyboard */,
				042338C128A6BF6900783FD2 /* ProductModelGroup */,
				04560E0C28A5429800C9F1E2 /* AppDelegate.swift */,
				04560E0E28A5429800C9F1E2 /* SceneDelegate.swift */,
				04560E1028A5429800C9F1E2 /* ViewController.swift */,
				045E15E928A696AF003876D7 /* ProfileVC.swift */,
				049E06B028A597DC001C05B0 /* DetailsVC.swift */,
				045E15EB28A6ED6D003876D7 /* CartVC.swift */,
				045E15ED28A6F519003876D7 /* CartTableViewCell.swift */,
				042338C428A7CC9300783FD2 /* ProductCells.swift */,
				042338C228A6C0BA00783FD2 /* SeifStoryboard.storyboard */,
				042CD29828A7F20100087724 /* SeifViewController.swift */,
				04560E1228A5429800C9F1E2 /* Main.storyboard */,
				04560E1828A5429A00C9F1E2 /* Assets.xcassets */,
				04560E1A28A5429A00C9F1E2 /* LaunchScreen.storyboard */,
				04560E1D28A5429A00C9F1E2 /* Info.plist */,
				04560E1528A5429800C9F1E2 /* ClothesStore.xcdatamodeld */,
				5257ECE628A7225400B5F44E /* coreDataFns.swift */,
				523E8F5F28A7A09600523A4A /* register.swift */,
			);
			path = ClothesStore;
			sourceTree = "<group>";
		};
/* End PBXGroup section */

/* Begin PBXNativeTarget section */
		04560E0828A5429800C9F1E2 /* ClothesStore */ = {
			isa = PBXNativeTarget;
			buildConfigurationList = 04560E2028A5429A00C9F1E2 /* Build configuration list for PBXNativeTarget "ClothesStore" */;
			buildPhases = (
				04560E0528A5429800C9F1E2 /* Sources */,
				04560E0628A5429800C9F1E2 /* Frameworks */,
				04560E0728A5429800C9F1E2 /* Resources */,
			);
			buildRules = (
			);
			dependencies = (
			);
			name = ClothesStore;
			productName = ClothesStore;
			productReference = 04560E0928A5429800C9F1E2 /* ClothesStore.app */;
			productType = "com.apple.product-type.application";
		};
		523F15CC28A72BBE002154C0 /* Clothes Store */ = {
			isa = PBXNativeTarget;
			buildConfigurationList = 523F15F728A72BC4002154C0 /* Build configuration list for PBXNativeTarget "Clothes Store" */;
			buildPhases = (
				523F15C928A72BBE002154C0 /* Sources */,
				523F15CA28A72BBE002154C0 /* Frameworks */,
				523F15CB28A72BBE002154C0 /* Resources */,
			);
			buildRules = (
			);
			dependencies = (
			);
			name = "Clothes Store";
			productName = "Clothes Store";
			productReference = 523F15CD28A72BBE002154C0 /* Clothes Store.app */;
			productType = "com.apple.product-type.application";
		};
		523F15E428A72BC4002154C0 /* Clothes StoreTests */ = {
			isa = PBXNativeTarget;
			buildConfigurationList = 523F15FA28A72BC4002154C0 /* Build configuration list for PBXNativeTarget "Clothes StoreTests" */;
			buildPhases = (
				523F15E128A72BC4002154C0 /* Sources */,
				523F15E228A72BC4002154C0 /* Frameworks */,
				523F15E328A72BC4002154C0 /* Resources */,
			);
			buildRules = (
			);
			dependencies = (
				523F15E728A72BC4002154C0 /* PBXTargetDependency */,
			);
			name = "Clothes StoreTests";
			productName = "Clothes StoreTests";
			productReference = 523F15E528A72BC4002154C0 /* Clothes StoreTests.xctest */;
			productType = "com.apple.product-type.bundle.unit-test";
		};
		523F15EE28A72BC4002154C0 /* Clothes StoreUITests */ = {
			isa = PBXNativeTarget;
			buildConfigurationList = 523F15FD28A72BC4002154C0 /* Build configuration list for PBXNativeTarget "Clothes StoreUITests" */;
			buildPhases = (
				523F15EB28A72BC4002154C0 /* Sources */,
				523F15EC28A72BC4002154C0 /* Frameworks */,
				523F15ED28A72BC4002154C0 /* Resources */,
			);
			buildRules = (
			);
			dependencies = (
				523F15F128A72BC4002154C0 /* PBXTargetDependency */,
			);
			name = "Clothes StoreUITests";
			productName = "Clothes StoreUITests";
			productReference = 523F15EF28A72BC4002154C0 /* Clothes StoreUITests.xctest */;
			productType = "com.apple.product-type.bundle.ui-testing";
		};
/* End PBXNativeTarget section */

/* Begin PBXProject section */
		04560E0128A5429800C9F1E2 /* Project object */ = {
			isa = PBXProject;
			attributes = {
				BuildIndependentTargetsInParallel = 1;
				LastSwiftUpdateCheck = 1320;
				LastUpgradeCheck = 1320;
				TargetAttributes = {
					04560E0828A5429800C9F1E2 = {
						CreatedOnToolsVersion = 13.2.1;
					};
					523F15CC28A72BBE002154C0 = {
						CreatedOnToolsVersion = 13.2.1;
					};
					523F15E428A72BC4002154C0 = {
						CreatedOnToolsVersion = 13.2.1;
						TestTargetID = 523F15CC28A72BBE002154C0;
					};
					523F15EE28A72BC4002154C0 = {
						CreatedOnToolsVersion = 13.2.1;
						TestTargetID = 523F15CC28A72BBE002154C0;
					};
				};
			};
			buildConfigurationList = 04560E0428A5429800C9F1E2 /* Build configuration list for PBXProject "ClothesStore" */;
			compatibilityVersion = "Xcode 13.0";
			developmentRegion = en;
			hasScannedForEncodings = 0;
			knownRegions = (
				en,
				Base,
			);
			mainGroup = 04560E0028A5429800C9F1E2;
			productRefGroup = 04560E0A28A5429800C9F1E2 /* Products */;
			projectDirPath = "";
			projectRoot = "";
			targets = (
				04560E0828A5429800C9F1E2 /* ClothesStore */,
				523F15CC28A72BBE002154C0 /* Clothes Store */,
				523F15E428A72BC4002154C0 /* Clothes StoreTests */,
				523F15EE28A72BC4002154C0 /* Clothes StoreUITests */,
			);
		};
/* End PBXProject section */

/* Begin PBXResourcesBuildPhase section */
		04560E0728A5429800C9F1E2 /* Resources */ = {
			isa = PBXResourcesBuildPhase;
			buildActionMask = 2147483647;
			files = (
				042338C328A6C0BA00783FD2 /* SeifStoryboard.storyboard in Resources */,
				04560E1C28A5429A00C9F1E2 /* LaunchScreen.storyboard in Resources */,
				049E06AF28A588DD001C05B0 /* AhmedStoryboard.storyboard in Resources */,
				04560E1928A5429A00C9F1E2 /* Assets.xcassets in Resources */,
				04560E1428A5429800C9F1E2 /* Main.storyboard in Resources */,
			);
			runOnlyForDeploymentPostprocessing = 0;
		};
		523F15CB28A72BBE002154C0 /* Resources */ = {
			isa = PBXResourcesBuildPhase;
			buildActionMask = 2147483647;
			files = (
			);
			runOnlyForDeploymentPostprocessing = 0;
		};
		523F15E328A72BC4002154C0 /* Resources */ = {
			isa = PBXResourcesBuildPhase;
			buildActionMask = 2147483647;
			files = (
			);
			runOnlyForDeploymentPostprocessing = 0;
		};
		523F15ED28A72BC4002154C0 /* Resources */ = {
			isa = PBXResourcesBuildPhase;
			buildActionMask = 2147483647;
			files = (
			);
			runOnlyForDeploymentPostprocessing = 0;
		};
/* End PBXResourcesBuildPhase section */

/* Begin PBXSourcesBuildPhase section */
		04560E0528A5429800C9F1E2 /* Sources */ = {
			isa = PBXSourcesBuildPhase;
			buildActionMask = 2147483647;
			files = (
				0439028E28A923CA0078F21B /* CartTableViewCell.swift in Sources */,
				0439028D28A923900078F21B /* ProductCells.swift in Sources */,
				045E15EA28A696B0003876D7 /* ProfileVC.swift in Sources */,
				04560E1728A5429800C9F1E2 /* ClothesStore.xcdatamodeld in Sources */,
				045E15EC28A6ED6D003876D7 /* CartVC.swift in Sources */,
				042CD29928A7F20100087724 /* SeifViewController.swift in Sources */,
				04560E1128A5429800C9F1E2 /* ViewController.swift in Sources */,
				523E8F5D28A79F3500523A4A /* User+CoreDataClass.swift in Sources */,
				523E8F5E28A79F3500523A4A /* User+CoreDataProperties.swift in Sources */,
				04560E0D28A5429800C9F1E2 /* AppDelegate.swift in Sources */,
				04560E0F28A5429800C9F1E2 /* SceneDelegate.swift in Sources */,
				049E06B128A597DC001C05B0 /* DetailsVC.swift in Sources */,
				523E8F6028A7A09600523A4A /* register.swift in Sources */,
				5257ECE728A7225400B5F44E /* coreDataFns.swift in Sources */,
			);
			runOnlyForDeploymentPostprocessing = 0;
		};
		523F15C928A72BBE002154C0 /* Sources */ = {
			isa = PBXSourcesBuildPhase;
			buildActionMask = 2147483647;
			files = (
			);
			runOnlyForDeploymentPostprocessing = 0;
		};
		523F15E128A72BC4002154C0 /* Sources */ = {
			isa = PBXSourcesBuildPhase;
			buildActionMask = 2147483647;
			files = (
			);
			runOnlyForDeploymentPostprocessing = 0;
		};
		523F15EB28A72BC4002154C0 /* Sources */ = {
			isa = PBXSourcesBuildPhase;
			buildActionMask = 2147483647;
			files = (
			);
			runOnlyForDeploymentPostprocessing = 0;
		};
/* End PBXSourcesBuildPhase section */

/* Begin PBXTargetDependency section */
		523F15E728A72BC4002154C0 /* PBXTargetDependency */ = {
			isa = PBXTargetDependency;
			target = 523F15CC28A72BBE002154C0 /* Clothes Store */;
			targetProxy = 523F15E628A72BC4002154C0 /* PBXContainerItemProxy */;
		};
		523F15F128A72BC4002154C0 /* PBXTargetDependency */ = {
			isa = PBXTargetDependency;
			target = 523F15CC28A72BBE002154C0 /* Clothes Store */;
			targetProxy = 523F15F028A72BC4002154C0 /* PBXContainerItemProxy */;
		};
/* End PBXTargetDependency section */

/* Begin PBXVariantGroup section */
		04560E1228A5429800C9F1E2 /* Main.storyboard */ = {
			isa = PBXVariantGroup;
			children = (
				04560E1328A5429800C9F1E2 /* Base */,
			);
			name = Main.storyboard;
			sourceTree = "<group>";
		};
		04560E1A28A5429A00C9F1E2 /* LaunchScreen.storyboard */ = {
			isa = PBXVariantGroup;
			children = (
				04560E1B28A5429A00C9F1E2 /* Base */,
			);
			name = LaunchScreen.storyboard;
			sourceTree = "<group>";
		};
/* End PBXVariantGroup section */

/* Begin XCBuildConfiguration section */
		04560E1E28A5429A00C9F1E2 /* Debug */ = {
			isa = XCBuildConfiguration;
			buildSettings = {
				ALWAYS_SEARCH_USER_PATHS = NO;
				CLANG_ANALYZER_NONNULL = YES;
				CLANG_ANALYZER_NUMBER_OBJECT_CONVERSION = YES_AGGRESSIVE;
				CLANG_CXX_LANGUAGE_STANDARD = "gnu++17";
				CLANG_CXX_LIBRARY = "libc++";
				CLANG_ENABLE_MODULES = YES;
				CLANG_ENABLE_OBJC_ARC = YES;
				CLANG_ENABLE_OBJC_WEAK = YES;
				CLANG_WARN_BLOCK_CAPTURE_AUTORELEASING = YES;
				CLANG_WARN_BOOL_CONVERSION = YES;
				CLANG_WARN_COMMA = YES;
				CLANG_WARN_CONSTANT_CONVERSION = YES;
				CLANG_WARN_DEPRECATED_OBJC_IMPLEMENTATIONS = YES;
				CLANG_WARN_DIRECT_OBJC_ISA_USAGE = YES_ERROR;
				CLANG_WARN_DOCUMENTATION_COMMENTS = YES;
				CLANG_WARN_EMPTY_BODY = YES;
				CLANG_WARN_ENUM_CONVERSION = YES;
				CLANG_WARN_INFINITE_RECURSION = YES;
				CLANG_WARN_INT_CONVERSION = YES;
				CLANG_WARN_NON_LITERAL_NULL_CONVERSION = YES;
				CLANG_WARN_OBJC_IMPLICIT_RETAIN_SELF = YES;
				CLANG_WARN_OBJC_LITERAL_CONVERSION = YES;
				CLANG_WARN_OBJC_ROOT_CLASS = YES_ERROR;
				CLANG_WARN_QUOTED_INCLUDE_IN_FRAMEWORK_HEADER = YES;
				CLANG_WARN_RANGE_LOOP_ANALYSIS = YES;
				CLANG_WARN_STRICT_PROTOTYPES = YES;
				CLANG_WARN_SUSPICIOUS_MOVE = YES;
				CLANG_WARN_UNGUARDED_AVAILABILITY = YES_AGGRESSIVE;
				CLANG_WARN_UNREACHABLE_CODE = YES;
				CLANG_WARN__DUPLICATE_METHOD_MATCH = YES;
				COPY_PHASE_STRIP = NO;
				DEBUG_INFORMATION_FORMAT = dwarf;
				ENABLE_STRICT_OBJC_MSGSEND = YES;
				ENABLE_TESTABILITY = YES;
				GCC_C_LANGUAGE_STANDARD = gnu11;
				GCC_DYNAMIC_NO_PIC = NO;
				GCC_NO_COMMON_BLOCKS = YES;
				GCC_OPTIMIZATION_LEVEL = 0;
				GCC_PREPROCESSOR_DEFINITIONS = (
					"DEBUG=1",
					"$(inherited)",
				);
				GCC_WARN_64_TO_32_BIT_CONVERSION = YES;
				GCC_WARN_ABOUT_RETURN_TYPE = YES_ERROR;
				GCC_WARN_UNDECLARED_SELECTOR = YES;
				GCC_WARN_UNINITIALIZED_AUTOS = YES_AGGRESSIVE;
				GCC_WARN_UNUSED_FUNCTION = YES;
				GCC_WARN_UNUSED_VARIABLE = YES;
				IPHONEOS_DEPLOYMENT_TARGET = 15.2;
				MTL_ENABLE_DEBUG_INFO = INCLUDE_SOURCE;
				MTL_FAST_MATH = YES;
				ONLY_ACTIVE_ARCH = YES;
				SDKROOT = iphoneos;
				SWIFT_ACTIVE_COMPILATION_CONDITIONS = DEBUG;
				SWIFT_OPTIMIZATION_LEVEL = "-Onone";
			};
			name = Debug;
		};
		04560E1F28A5429A00C9F1E2 /* Release */ = {
			isa = XCBuildConfiguration;
			buildSettings = {
				ALWAYS_SEARCH_USER_PATHS = NO;
				CLANG_ANALYZER_NONNULL = YES;
				CLANG_ANALYZER_NUMBER_OBJECT_CONVERSION = YES_AGGRESSIVE;
				CLANG_CXX_LANGUAGE_STANDARD = "gnu++17";
				CLANG_CXX_LIBRARY = "libc++";
				CLANG_ENABLE_MODULES = YES;
				CLANG_ENABLE_OBJC_ARC = YES;
				CLANG_ENABLE_OBJC_WEAK = YES;
				CLANG_WARN_BLOCK_CAPTURE_AUTORELEASING = YES;
				CLANG_WARN_BOOL_CONVERSION = YES;
				CLANG_WARN_COMMA = YES;
				CLANG_WARN_CONSTANT_CONVERSION = YES;
				CLANG_WARN_DEPRECATED_OBJC_IMPLEMENTATIONS = YES;
				CLANG_WARN_DIRECT_OBJC_ISA_USAGE = YES_ERROR;
				CLANG_WARN_DOCUMENTATION_COMMENTS = YES;
				CLANG_WARN_EMPTY_BODY = YES;
				CLANG_WARN_ENUM_CONVERSION = YES;
				CLANG_WARN_INFINITE_RECURSION = YES;
				CLANG_WARN_INT_CONVERSION = YES;
				CLANG_WARN_NON_LITERAL_NULL_CONVERSION = YES;
				CLANG_WARN_OBJC_IMPLICIT_RETAIN_SELF = YES;
				CLANG_WARN_OBJC_LITERAL_CONVERSION = YES;
				CLANG_WARN_OBJC_ROOT_CLASS = YES_ERROR;
				CLANG_WARN_QUOTED_INCLUDE_IN_FRAMEWORK_HEADER = YES;
				CLANG_WARN_RANGE_LOOP_ANALYSIS = YES;
				CLANG_WARN_STRICT_PROTOTYPES = YES;
				CLANG_WARN_SUSPICIOUS_MOVE = YES;
				CLANG_WARN_UNGUARDED_AVAILABILITY = YES_AGGRESSIVE;
				CLANG_WARN_UNREACHABLE_CODE = YES;
				CLANG_WARN__DUPLICATE_METHOD_MATCH = YES;
				COPY_PHASE_STRIP = NO;
				DEBUG_INFORMATION_FORMAT = "dwarf-with-dsym";
				ENABLE_NS_ASSERTIONS = NO;
				ENABLE_STRICT_OBJC_MSGSEND = YES;
				GCC_C_LANGUAGE_STANDARD = gnu11;
				GCC_NO_COMMON_BLOCKS = YES;
				GCC_WARN_64_TO_32_BIT_CONVERSION = YES;
				GCC_WARN_ABOUT_RETURN_TYPE = YES_ERROR;
				GCC_WARN_UNDECLARED_SELECTOR = YES;
				GCC_WARN_UNINITIALIZED_AUTOS = YES_AGGRESSIVE;
				GCC_WARN_UNUSED_FUNCTION = YES;
				GCC_WARN_UNUSED_VARIABLE = YES;
				IPHONEOS_DEPLOYMENT_TARGET = 15.2;
				MTL_ENABLE_DEBUG_INFO = NO;
				MTL_FAST_MATH = YES;
				SDKROOT = iphoneos;
				SWIFT_COMPILATION_MODE = wholemodule;
				SWIFT_OPTIMIZATION_LEVEL = "-O";
				VALIDATE_PRODUCT = YES;
			};
			name = Release;
		};
		04560E2128A5429A00C9F1E2 /* Debug */ = {
			isa = XCBuildConfiguration;
			buildSettings = {
				ASSETCATALOG_COMPILER_APPICON_NAME = AppIcon;
				ASSETCATALOG_COMPILER_GLOBAL_ACCENT_COLOR_NAME = AccentColor;
				CODE_SIGN_STYLE = Automatic;
				CURRENT_PROJECT_VERSION = 1;
				DEVELOPMENT_TEAM = 2RJGD37X7K;
				GENERATE_INFOPLIST_FILE = YES;
				INFOPLIST_FILE = ClothesStore/Info.plist;
				INFOPLIST_KEY_UIApplicationSupportsIndirectInputEvents = YES;
				INFOPLIST_KEY_UILaunchStoryboardName = LaunchScreen;
				INFOPLIST_KEY_UIMainStoryboardFile = Main;
				INFOPLIST_KEY_UISupportedInterfaceOrientations_iPad = "UIInterfaceOrientationPortrait UIInterfaceOrientationPortraitUpsideDown UIInterfaceOrientationLandscapeLeft UIInterfaceOrientationLandscapeRight";
				INFOPLIST_KEY_UISupportedInterfaceOrientations_iPhone = "UIInterfaceOrientationPortrait UIInterfaceOrientationLandscapeLeft UIInterfaceOrientationLandscapeRight";
				LD_RUNPATH_SEARCH_PATHS = (
					"$(inherited)",
					"@executable_path/Frameworks",
				);
				MARKETING_VERSION = 1.0;
				PRODUCT_BUNDLE_IDENTIFIER = com.Ahmed.ClothesStore;
				PRODUCT_NAME = "$(TARGET_NAME)";
				SWIFT_EMIT_LOC_STRINGS = YES;
				SWIFT_VERSION = 5.0;
				TARGETED_DEVICE_FAMILY = "1,2";
			};
			name = Debug;
		};
		04560E2228A5429A00C9F1E2 /* Release */ = {
			isa = XCBuildConfiguration;
			buildSettings = {
				ASSETCATALOG_COMPILER_APPICON_NAME = AppIcon;
				ASSETCATALOG_COMPILER_GLOBAL_ACCENT_COLOR_NAME = AccentColor;
				CODE_SIGN_STYLE = Automatic;
				CURRENT_PROJECT_VERSION = 1;
				DEVELOPMENT_TEAM = 2RJGD37X7K;
				GENERATE_INFOPLIST_FILE = YES;
				INFOPLIST_FILE = ClothesStore/Info.plist;
				INFOPLIST_KEY_UIApplicationSupportsIndirectInputEvents = YES;
				INFOPLIST_KEY_UILaunchStoryboardName = LaunchScreen;
				INFOPLIST_KEY_UIMainStoryboardFile = Main;
				INFOPLIST_KEY_UISupportedInterfaceOrientations_iPad = "UIInterfaceOrientationPortrait UIInterfaceOrientationPortraitUpsideDown UIInterfaceOrientationLandscapeLeft UIInterfaceOrientationLandscapeRight";
				INFOPLIST_KEY_UISupportedInterfaceOrientations_iPhone = "UIInterfaceOrientationPortrait UIInterfaceOrientationLandscapeLeft UIInterfaceOrientationLandscapeRight";
				LD_RUNPATH_SEARCH_PATHS = (
					"$(inherited)",
					"@executable_path/Frameworks",
				);
				MARKETING_VERSION = 1.0;
				PRODUCT_BUNDLE_IDENTIFIER = com.Ahmed.ClothesStore;
				PRODUCT_NAME = "$(TARGET_NAME)";
				SWIFT_EMIT_LOC_STRINGS = YES;
				SWIFT_VERSION = 5.0;
				TARGETED_DEVICE_FAMILY = "1,2";
			};
			name = Release;
		};
		523F15F828A72BC4002154C0 /* Debug */ = {
			isa = XCBuildConfiguration;
			buildSettings = {
				ASSETCATALOG_COMPILER_APPICON_NAME = AppIcon;
				ASSETCATALOG_COMPILER_GLOBAL_ACCENT_COLOR_NAME = AccentColor;
				CODE_SIGN_STYLE = Automatic;
				CURRENT_PROJECT_VERSION = 1;
				GENERATE_INFOPLIST_FILE = YES;
				INFOPLIST_FILE = "Clothes Store/Info.plist";
				INFOPLIST_KEY_UIApplicationSupportsIndirectInputEvents = YES;
				INFOPLIST_KEY_UILaunchStoryboardName = LaunchScreen;
				INFOPLIST_KEY_UIMainStoryboardFile = Main;
				INFOPLIST_KEY_UISupportedInterfaceOrientations_iPad = "UIInterfaceOrientationPortrait UIInterfaceOrientationPortraitUpsideDown UIInterfaceOrientationLandscapeLeft UIInterfaceOrientationLandscapeRight";
				INFOPLIST_KEY_UISupportedInterfaceOrientations_iPhone = "UIInterfaceOrientationPortrait UIInterfaceOrientationLandscapeLeft UIInterfaceOrientationLandscapeRight";
				LD_RUNPATH_SEARCH_PATHS = (
					"$(inherited)",
					"@executable_path/Frameworks",
				);
				MARKETING_VERSION = 1.0;
				PRODUCT_BUNDLE_IDENTIFIER = "com.Clothes-Store";
				PRODUCT_NAME = "$(TARGET_NAME)";
				SWIFT_EMIT_LOC_STRINGS = YES;
				SWIFT_VERSION = 5.0;
				TARGETED_DEVICE_FAMILY = "1,2";
			};
			name = Debug;
		};
		523F15F928A72BC4002154C0 /* Release */ = {
			isa = XCBuildConfiguration;
			buildSettings = {
				ASSETCATALOG_COMPILER_APPICON_NAME = AppIcon;
				ASSETCATALOG_COMPILER_GLOBAL_ACCENT_COLOR_NAME = AccentColor;
				CODE_SIGN_STYLE = Automatic;
				CURRENT_PROJECT_VERSION = 1;
				GENERATE_INFOPLIST_FILE = YES;
				INFOPLIST_FILE = "Clothes Store/Info.plist";
				INFOPLIST_KEY_UIApplicationSupportsIndirectInputEvents = YES;
				INFOPLIST_KEY_UILaunchStoryboardName = LaunchScreen;
				INFOPLIST_KEY_UIMainStoryboardFile = Main;
				INFOPLIST_KEY_UISupportedInterfaceOrientations_iPad = "UIInterfaceOrientationPortrait UIInterfaceOrientationPortraitUpsideDown UIInterfaceOrientationLandscapeLeft UIInterfaceOrientationLandscapeRight";
				INFOPLIST_KEY_UISupportedInterfaceOrientations_iPhone = "UIInterfaceOrientationPortrait UIInterfaceOrientationLandscapeLeft UIInterfaceOrientationLandscapeRight";
				LD_RUNPATH_SEARCH_PATHS = (
					"$(inherited)",
					"@executable_path/Frameworks",
				);
				MARKETING_VERSION = 1.0;
				PRODUCT_BUNDLE_IDENTIFIER = "com.Clothes-Store";
				PRODUCT_NAME = "$(TARGET_NAME)";
				SWIFT_EMIT_LOC_STRINGS = YES;
				SWIFT_VERSION = 5.0;
				TARGETED_DEVICE_FAMILY = "1,2";
			};
			name = Release;
		};
		523F15FB28A72BC4002154C0 /* Debug */ = {
			isa = XCBuildConfiguration;
			buildSettings = {
				BUNDLE_LOADER = "$(TEST_HOST)";
				CODE_SIGN_STYLE = Automatic;
				CURRENT_PROJECT_VERSION = 1;
				GENERATE_INFOPLIST_FILE = YES;
				IPHONEOS_DEPLOYMENT_TARGET = 15.2;
				MARKETING_VERSION = 1.0;
				PRODUCT_BUNDLE_IDENTIFIER = "com.Clothes-StoreTests";
				PRODUCT_NAME = "$(TARGET_NAME)";
				SWIFT_EMIT_LOC_STRINGS = NO;
				SWIFT_VERSION = 5.0;
				TARGETED_DEVICE_FAMILY = "1,2";
				TEST_HOST = "$(BUILT_PRODUCTS_DIR)/Clothes Store.app/Clothes Store";
			};
			name = Debug;
		};
		523F15FC28A72BC4002154C0 /* Release */ = {
			isa = XCBuildConfiguration;
			buildSettings = {
				BUNDLE_LOADER = "$(TEST_HOST)";
				CODE_SIGN_STYLE = Automatic;
				CURRENT_PROJECT_VERSION = 1;
				GENERATE_INFOPLIST_FILE = YES;
				IPHONEOS_DEPLOYMENT_TARGET = 15.2;
				MARKETING_VERSION = 1.0;
				PRODUCT_BUNDLE_IDENTIFIER = "com.Clothes-StoreTests";
				PRODUCT_NAME = "$(TARGET_NAME)";
				SWIFT_EMIT_LOC_STRINGS = NO;
				SWIFT_VERSION = 5.0;
				TARGETED_DEVICE_FAMILY = "1,2";
				TEST_HOST = "$(BUILT_PRODUCTS_DIR)/Clothes Store.app/Clothes Store";
			};
			name = Release;
		};
		523F15FE28A72BC4002154C0 /* Debug */ = {
			isa = XCBuildConfiguration;
			buildSettings = {
				CODE_SIGN_STYLE = Automatic;
				CURRENT_PROJECT_VERSION = 1;
				DEVELOPMENT_TEAM = 2RJGD37X7K;
				GENERATE_INFOPLIST_FILE = YES;
				MARKETING_VERSION = 1.0;
				PRODUCT_BUNDLE_IDENTIFIER = "com.Clothes-StoreUITests";
				PRODUCT_NAME = "$(TARGET_NAME)";
				SWIFT_EMIT_LOC_STRINGS = NO;
				SWIFT_VERSION = 5.0;
				TARGETED_DEVICE_FAMILY = "1,2";
				TEST_TARGET_NAME = "Clothes Store";
			};
			name = Debug;
		};
		523F15FF28A72BC4002154C0 /* Release */ = {
			isa = XCBuildConfiguration;
			buildSettings = {
				CODE_SIGN_STYLE = Automatic;
				CURRENT_PROJECT_VERSION = 1;
				DEVELOPMENT_TEAM = 2RJGD37X7K;
				GENERATE_INFOPLIST_FILE = YES;
				MARKETING_VERSION = 1.0;
				PRODUCT_BUNDLE_IDENTIFIER = "com.Clothes-StoreUITests";
				PRODUCT_NAME = "$(TARGET_NAME)";
				SWIFT_EMIT_LOC_STRINGS = NO;
				SWIFT_VERSION = 5.0;
				TARGETED_DEVICE_FAMILY = "1,2";
				TEST_TARGET_NAME = "Clothes Store";
			};
			name = Release;
		};
/* End XCBuildConfiguration section */

/* Begin XCConfigurationList section */
		04560E0428A5429800C9F1E2 /* Build configuration list for PBXProject "ClothesStore" */ = {
			isa = XCConfigurationList;
			buildConfigurations = (
				04560E1E28A5429A00C9F1E2 /* Debug */,
				04560E1F28A5429A00C9F1E2 /* Release */,
			);
			defaultConfigurationIsVisible = 0;
			defaultConfigurationName = Release;
		};
		04560E2028A5429A00C9F1E2 /* Build configuration list for PBXNativeTarget "ClothesStore" */ = {
			isa = XCConfigurationList;
			buildConfigurations = (
				04560E2128A5429A00C9F1E2 /* Debug */,
				04560E2228A5429A00C9F1E2 /* Release */,
			);
			defaultConfigurationIsVisible = 0;
			defaultConfigurationName = Release;
		};
		523F15F728A72BC4002154C0 /* Build configuration list for PBXNativeTarget "Clothes Store" */ = {
			isa = XCConfigurationList;
			buildConfigurations = (
				523F15F828A72BC4002154C0 /* Debug */,
				523F15F928A72BC4002154C0 /* Release */,
			);
			defaultConfigurationIsVisible = 0;
			defaultConfigurationName = Release;
		};
		523F15FA28A72BC4002154C0 /* Build configuration list for PBXNativeTarget "Clothes StoreTests" */ = {
			isa = XCConfigurationList;
			buildConfigurations = (
				523F15FB28A72BC4002154C0 /* Debug */,
				523F15FC28A72BC4002154C0 /* Release */,
			);
			defaultConfigurationIsVisible = 0;
			defaultConfigurationName = Release;
		};
		523F15FD28A72BC4002154C0 /* Build configuration list for PBXNativeTarget "Clothes StoreUITests" */ = {
			isa = XCConfigurationList;
			buildConfigurations = (
				523F15FE28A72BC4002154C0 /* Debug */,
				523F15FF28A72BC4002154C0 /* Release */,
			);
			defaultConfigurationIsVisible = 0;
			defaultConfigurationName = Release;
		};
/* End XCConfigurationList section */

/* Begin XCVersionGroup section */
		04560E1528A5429800C9F1E2 /* ClothesStore.xcdatamodeld */ = {
			isa = XCVersionGroup;
			children = (
				04560E1628A5429800C9F1E2 /* ClothesStore.xcdatamodel */,
			);
			currentVersion = 04560E1628A5429800C9F1E2 /* ClothesStore.xcdatamodel */;
			path = ClothesStore.xcdatamodeld;
			sourceTree = "<group>";
			versionGroupType = wrapper.xcdatamodel;
		};
/* End XCVersionGroup section */
	};
	rootObject = 04560E0128A5429800C9F1E2 /* Project object */;
}
